
Microsoft Visual Studio Solution File, Format Version 12.00
# Visual Studio Version 17
VisualStudioVersion = 17.9.34723.18
MinimumVisualStudioVersion = 10.0.40219.1
Project("{9A19103F-16F7-4668-BE54-9A1E7A4F7556}") = "Application", "Application\Application.csproj", "{3D8F9B91-E1EF-4307-BF9F-30ECC2EB1616}"
EndProject
Project("{9A19103F-16F7-4668-BE54-9A1E7A4F7556}") = "Domain", "Domain\Domain.csproj", "{CC1B4333-68F6-4BC3-8BBA-26DD96B06FC0}"
EndProject
Project("{9A19103F-16F7-4668-BE54-9A1E7A4F7556}") = "Infrastructure", "Infrastructure\Infrastructure.csproj", "{D00523F9-30F5-4DE7-AA1B-B59C46976E2A}"
EndProject
Project("{9A19103F-16F7-4668-BE54-9A1E7A4F7556}") = "Tests", "Tests\Tests.csproj", "{282189AC-6DCE-4738-B087-C778EC36AAEC}"
EndProject
Project("{9A19103F-16F7-4668-BE54-9A1E7A4F7556}") = "API-Releases", "API-Releases\API-Releases.csproj", "{632A6769-08E1-4C6E-A65F-DC98D4F3883D}"
EndProject
Project("{9A19103F-16F7-4668-BE54-9A1E7A4F7556}") = "API", "API\API.csproj", "{22503A56-5AF7-420B-B08B-27D32079A5AA}"
EndProject
Project("{9A19103F-16F7-4668-BE54-9A1E7A4F7556}") = "API-Report", "API-Report\API-Report.csproj", "{CD3E2880-99E6-466B-ABE6-A969FA4D5E4F}"
EndProject
Global
	GlobalSection(SolutionConfigurationPlatforms) = preSolution
		Debug|Any CPU = Debug|Any CPU
		Release|Any CPU = Release|Any CPU
	EndGlobalSection
	GlobalSection(ProjectConfigurationPlatforms) = postSolution
		{3D8F9B91-E1EF-4307-BF9F-30ECC2EB1616}.Debug|Any CPU.ActiveCfg = Debug|Any CPU
		{3D8F9B91-E1EF-4307-BF9F-30ECC2EB1616}.Debug|Any CPU.Build.0 = Debug|Any CPU
		{3D8F9B91-E1EF-4307-BF9F-30ECC2EB1616}.Release|Any CPU.ActiveCfg = Release|Any CPU
		{3D8F9B91-E1EF-4307-BF9F-30ECC2EB1616}.Release|Any CPU.Build.0 = Release|Any CPU
		{CC1B4333-68F6-4BC3-8BBA-26DD96B06FC0}.Debug|Any CPU.ActiveCfg = Debug|Any CPU
		{CC1B4333-68F6-4BC3-8BBA-26DD96B06FC0}.Debug|Any CPU.Build.0 = Debug|Any CPU
		{CC1B4333-68F6-4BC3-8BBA-26DD96B06FC0}.Release|Any CPU.ActiveCfg = Release|Any CPU
		{CC1B4333-68F6-4BC3-8BBA-26DD96B06FC0}.Release|Any CPU.Build.0 = Release|Any CPU
		{D00523F9-30F5-4DE7-AA1B-B59C46976E2A}.Debug|Any CPU.ActiveCfg = Debug|Any CPU
		{D00523F9-30F5-4DE7-AA1B-B59C46976E2A}.Debug|Any CPU.Build.0 = Debug|Any CPU
		{D00523F9-30F5-4DE7-AA1B-B59C46976E2A}.Release|Any CPU.ActiveCfg = Release|Any CPU
		{D00523F9-30F5-4DE7-AA1B-B59C46976E2A}.Release|Any CPU.Build.0 = Release|Any CPU
		{282189AC-6DCE-4738-B087-C778EC36AAEC}.Debug|Any CPU.ActiveCfg = Debug|Any CPU
		{282189AC-6DCE-4738-B087-C778EC36AAEC}.Debug|Any CPU.Build.0 = Debug|Any CPU
		{282189AC-6DCE-4738-B087-C778EC36AAEC}.Release|Any CPU.ActiveCfg = Release|Any CPU
		{282189AC-6DCE-4738-B087-C778EC36AAEC}.Release|Any CPU.Build.0 = Release|Any CPU
		{632A6769-08E1-4C6E-A65F-DC98D4F3883D}.Debug|Any CPU.ActiveCfg = Debug|Any CPU
		{632A6769-08E1-4C6E-A65F-DC98D4F3883D}.Debug|Any CPU.Build.0 = Debug|Any CPU
		{632A6769-08E1-4C6E-A65F-DC98D4F3883D}.Release|Any CPU.ActiveCfg = Release|Any CPU
		{632A6769-08E1-4C6E-A65F-DC98D4F3883D}.Release|Any CPU.Build.0 = Release|Any CPU
		{22503A56-5AF7-420B-B08B-27D32079A5AA}.Debug|Any CPU.ActiveCfg = Debug|Any CPU
		{22503A56-5AF7-420B-B08B-27D32079A5AA}.Debug|Any CPU.Build.0 = Debug|Any CPU
		{22503A56-5AF7-420B-B08B-27D32079A5AA}.Release|Any CPU.ActiveCfg = Release|Any CPU
		{22503A56-5AF7-420B-B08B-27D32079A5AA}.Release|Any CPU.Build.0 = Release|Any CPU
		{CD3E2880-99E6-466B-ABE6-A969FA4D5E4F}.Debug|Any CPU.ActiveCfg = Debug|Any CPU
		{CD3E2880-99E6-466B-ABE6-A969FA4D5E4F}.Debug|Any CPU.Build.0 = Debug|Any CPU
		{CD3E2880-99E6-466B-ABE6-A969FA4D5E4F}.Release|Any CPU.ActiveCfg = Release|Any CPU
		{CD3E2880-99E6-466B-ABE6-A969FA4D5E4F}.Release|Any CPU.Build.0 = Release|Any CPU
	EndGlobalSection
	GlobalSection(SolutionProperties) = preSolution
		HideSolutionNode = FALSE
	EndGlobalSection
	GlobalSection(ExtensibilityGlobals) = postSolution
		SolutionGuid = {76D34AC7-57BB-4D88-A9AE-039478209840}
	EndGlobalSection
EndGlobal
